// !$*UTF8*$!
{
	archiveVersion = 1;
	classes = {
	};
	objectVersion = 50;
	objects = {

/* Begin PBXBuildFile section */
		20C4472D2137B21300922F58 /* AppDelegate.swift in Sources */ = {isa = PBXBuildFile; fileRef = 20C4472C2137B21300922F58 /* AppDelegate.swift */; };
		20C4472F2137B21300922F58 /* ViewController.swift in Sources */ = {isa = PBXBuildFile; fileRef = 20C4472E2137B21300922F58 /* ViewController.swift */; };
		20C447322137B21300922F58 /* Main.storyboard in Resources */ = {isa = PBXBuildFile; fileRef = 20C447302137B21300922F58 /* Main.storyboard */; };
		20C447342137B21C00922F58 /* Assets.xcassets in Resources */ = {isa = PBXBuildFile; fileRef = 20C447332137B21C00922F58 /* Assets.xcassets */; };
		20C447372137B21C00922F58 /* LaunchScreen.storyboard in Resources */ = {isa = PBXBuildFile; fileRef = 20C447352137B21C00922F58 /* LaunchScreen.storyboard */; };
		20C447422137B21C00922F58 /* iOSUIFontTextStyleTests.swift in Sources */ = {isa = PBXBuildFile; fileRef = 20C447412137B21C00922F58 /* iOSUIFontTextStyleTests.swift */; };
/* End PBXBuildFile section */

/* Begin PBXContainerItemProxy section */
		20C4473E2137B21C00922F58 /* PBXContainerItemProxy */ = {
			isa = PBXContainerItemProxy;
			containerPortal = 20C447212137B21300922F58 /* Project object */;
			proxyType = 1;
			remoteGlobalIDString = 20C447282137B21300922F58;
			remoteInfo = iOSUIFontTextStyle;
		};
/* End PBXContainerItemProxy section */

/* Begin PBXFileReference section */
		20C447292137B21300922F58 /* iOSUIFontTextStyle.app */ = {isa = PBXFileReference; explicitFileType = wrapper.application; includeInIndex = 0; path = iOSUIFontTextStyle.app; sourceTree = BUILT_PRODUCTS_DIR; };
		20C4472C2137B21300922F58 /* AppDelegate.swift */ = {isa = PBXFileReference; lastKnownFileType = sourcecode.swift; path = AppDelegate.swift; sourceTree = "<group>"; };
		20C4472E2137B21300922F58 /* ViewController.swift */ = {isa = PBXFileReference; lastKnownFileType = sourcecode.swift; path = ViewController.swift; sourceTree = "<group>"; };
		20C447312137B21300922F58 /* Base */ = {isa = PBXFileReference; lastKnownFileType = file.storyboard; name = Base; path = Base.lproj/Main.storyboard; sourceTree = "<group>"; };
		20C447332137B21C00922F58 /* Assets.xcassets */ = {isa = PBXFileReference; lastKnownFileType = folder.assetcatalog; path = Assets.xcassets; sourceTree = "<group>"; };
		20C447362137B21C00922F58 /* Base */ = {isa = PBXFileReference; lastKnownFileType = file.storyboard; name = Base; path = Base.lproj/LaunchScreen.storyboard; sourceTree = "<group>"; };
		20C447382137B21C00922F58 /* Info.plist */ = {isa = PBXFileReference; lastKnownFileType = text.plist.xml; path = Info.plist; sourceTree = "<group>"; };
		20C4473D2137B21C00922F58 /* iOSUIFontTextStyleTests.xctest */ = {isa = PBXFileReference; explicitFileType = wrapper.cfbundle; includeInIndex = 0; path = iOSUIFontTextStyleTests.xctest; sourceTree = BUILT_PRODUCTS_DIR; };
		20C447412137B21C00922F58 /* iOSUIFontTextStyleTests.swift */ = {isa = PBXFileReference; lastKnownFileType = sourcecode.swift; path = iOSUIFontTextStyleTests.swift; sourceTree = "<group>"; };
		20C447432137B21C00922F58 /* Info.plist */ = {isa = PBXFileReference; lastKnownFileType = text.plist.xml; path = Info.plist; sourceTree = "<group>"; };
/* End PBXFileReference section */

/* Begin PBXFrameworksBuildPhase section */
		20C447262137B21300922F58 /* Frameworks */ = {
			isa = PBXFrameworksBuildPhase;
			buildActionMask = 2147483647;
			files = (
			);
			runOnlyForDeploymentPostprocessing = 0;
		};
		20C4473A2137B21C00922F58 /* Frameworks */ = {
			isa = PBXFrameworksBuildPhase;
			buildActionMask = 2147483647;
			files = (
			);
			runOnlyForDeploymentPostprocessing = 0;
		};
/* End PBXFrameworksBuildPhase section */

/* Begin PBXGroup section */
		20C447202137B21300922F58 = {
			isa = PBXGroup;
			children = (
				20C4472B2137B21300922F58 /* iOSUIFontTextStyle */,
				20C447402137B21C00922F58 /* iOSUIFontTextStyleTests */,
				20C4472A2137B21300922F58 /* Products */,
			);
			sourceTree = "<group>";
		};
		20C4472A2137B21300922F58 /* Products */ = {
			isa = PBXGroup;
			children = (
				20C447292137B21300922F58 /* iOSUIFontTextStyle.app */,
				20C4473D2137B21C00922F58 /* iOSUIFontTextStyleTests.xctest */,
			);
			name = Products;
			sourceTree = "<group>";
		};
		20C4472B2137B21300922F58 /* iOSUIFontTextStyle */ = {
			isa = PBXGroup;
			children = (
				20C4472C2137B21300922F58 /* AppDelegate.swift */,
				20C4472E2137B21300922F58 /* ViewController.swift */,
				20C447302137B21300922F58 /* Main.storyboard */,
				20C447332137B21C00922F58 /* Assets.xcassets */,
				20C447352137B21C00922F58 /* LaunchScreen.storyboard */,
				20C447382137B21C00922F58 /* Info.plist */,
			);
			path = iOSUIFontTextStyle;
			sourceTree = "<group>";
		};
		20C447402137B21C00922F58 /* iOSUIFontTextStyleTests */ = {
			isa = PBXGroup;
			children = (
				20C447412137B21C00922F58 /* iOSUIFontTextStyleTests.swift */,
				20C447432137B21C00922F58 /* Info.plist */,
			);
			path = iOSUIFontTextStyleTests;
			sourceTree = "<group>";
		};
/* End PBXGroup section */

/* Begin PBXNativeTarget section */
		20C447282137B21300922F58 /* iOSUIFontTextStyle */ = {
			isa = PBXNativeTarget;
			buildConfigurationList = 20C447462137B21C00922F58 /* Build configuration list for PBXNativeTarget "iOSUIFontTextStyle" */;
			buildPhases = (
				20C447252137B21300922F58 /* Sources */,
				20C447262137B21300922F58 /* Frameworks */,
				20C447272137B21300922F58 /* Resources */,
			);
			buildRules = (
			);
			dependencies = (
			);
			name = iOSUIFontTextStyle;
			productName = iOSUIFontTextStyle;
			productReference = 20C447292137B21300922F58 /* iOSUIFontTextStyle.app */;
			productType = "com.apple.product-type.application";
		};
		20C4473C2137B21C00922F58 /* iOSUIFontTextStyleTests */ = {
			isa = PBXNativeTarget;
			buildConfigurationList = 20C447492137B21C00922F58 /* Build configuration list for PBXNativeTarget "iOSUIFontTextStyleTests" */;
			buildPhases = (
				20C447392137B21C00922F58 /* Sources */,
				20C4473A2137B21C00922F58 /* Frameworks */,
				20C4473B2137B21C00922F58 /* Resources */,
			);
			buildRules = (
			);
			dependencies = (
				20C4473F2137B21C00922F58 /* PBXTargetDependency */,
			);
			name = iOSUIFontTextStyleTests;
			productName = iOSUIFontTextStyleTests;
			productReference = 20C4473D2137B21C00922F58 /* iOSUIFontTextStyleTests.xctest */;
			productType = "com.apple.product-type.bundle.unit-test";
		};
/* End PBXNativeTarget section */

/* Begin PBXProject section */
		20C447212137B21300922F58 /* Project object */ = {
			isa = PBXProject;
			attributes = {
				LastSwiftUpdateCheck = 0940;
				LastUpgradeCheck = 0940;
				ORGANIZATIONNAME = "kazumi hayashida";
				TargetAttributes = {
					20C447282137B21300922F58 = {
						CreatedOnToolsVersion = 9.4.1;
					};
					20C4473C2137B21C00922F58 = {
						CreatedOnToolsVersion = 9.4.1;
						TestTargetID = 20C447282137B21300922F58;
					};
				};
			};
			buildConfigurationList = 20C447242137B21300922F58 /* Build configuration list for PBXProject "iOSUIFontTextStyle" */;
			compatibilityVersion = "Xcode 9.3";
			developmentRegion = en;
			hasScannedForEncodings = 0;
			knownRegions = (
				en,
				Base,
			);
			mainGroup = 20C447202137B21300922F58;
			productRefGroup = 20C4472A2137B21300922F58 /* Products */;
			projectDirPath = "";
			projectRoot = "";
			targets = (
				20C447282137B21300922F58 /* iOSUIFontTextStyle */,
				20C4473C2137B21C00922F58 /* iOSUIFontTextStyleTests */,
			);
		};
/* End PBXProject section */

/* Begin PBXResourcesBuildPhase section */
		20C447272137B21300922F58 /* Resources */ = {
			isa = PBXResourcesBuildPhase;
			buildActionMask = 2147483647;
			files = (
				20C447372137B21C00922F58 /* LaunchScreen.storyboard in Resources */,
				20C447342137B21C00922F58 /* Assets.xcassets in Resources */,
				20C447322137B21300922F58 /* Main.storyboard in Resources */,
			);
			runOnlyForDeploymentPostprocessing = 0;
		};
		20C4473B2137B21C00922F58 /* Resources */ = {
			isa = PBXResourcesBuildPhase;
			buildActionMask = 2147483647;
			files = (
			);
			runOnlyForDeploymentPostprocessing = 0;
		};
/* End PBXResourcesBuildPhase section */

/* Begin PBXSourcesBuildPhase section */
		20C447252137B21300922F58 /* Sources */ = {
			isa = PBXSourcesBuildPhase;
			buildActionMask = 2147483647;
			files = (
				20C4472F2137B21300922F58 /* ViewController.swift in Sources */,
				20C4472D2137B21300922F58 /* AppDelegate.swift in Sources */,
			);
			runOnlyForDeploymentPostprocessing = 0;
		};
		20C447392137B21C00922F58 /* Sources */ = {
			isa = PBXSourcesBuildPhase;
			buildActionMask = 2147483647;
			files = (
				20C447422137B21C00922F58 /* iOSUIFontTextStyleTests.swift in Sources */,
			);
			runOnlyForDeploymentPostprocessing = 0;
		};
/* End PBXSourcesBuildPhase section */

/* Begin PBXTargetDependency section */
		20C4473F2137B21C00922F58 /* PBXTargetDependency */ = {
			isa = PBXTargetDependency;
			target = 20C447282137B21300922F58 /* iOSUIFontTextStyle */;
			targetProxy = 20C4473E2137B21C00922F58 /* PBXContainerItemProxy */;
		};
/* End PBXTargetDependency section */

/* Begin PBXVariantGroup section */
		20C447302137B21300922F58 /* Main.storyboard */ = {
			isa = PBXVariantGroup;
			children = (
				20C447312137B21300922F58 /* Base */,
			);
			name = Main.storyboard;
			sourceTree = "<group>";
		};
		20C447352137B21C00922F58 /* LaunchScreen.storyboard */ = {
			isa = PBXVariantGroup;
			children = (
				20C447362137B21C00922F58 /* Base */,
			);
			name = LaunchScreen.storyboard;
			sourceTree = "<group>";
		};
/* End PBXVariantGroup section */

/* Begin XCBuildConfiguration section */
		20C447442137B21C00922F58 /* Debug */ = {
			isa = XCBuildConfiguration;
			buildSettings = {
				ALWAYS_SEARCH_USER_PATHS = NO;
				CLANG_ANALYZER_NONNULL = YES;
				CLANG_ANALYZER_NUMBER_OBJECT_CONVERSION = YES_AGGRESSIVE;
				CLANG_CXX_LANGUAGE_STANDARD = "gnu++14";
				CLANG_CXX_LIBRARY = "libc++";
				CLANG_ENABLE_MODULES = YES;
				CLANG_ENABLE_OBJC_ARC = YES;
				CLANG_ENABLE_OBJC_WEAK = YES;
				CLANG_WARN_BLOCK_CAPTURE_AUTORELEASING = YES;
				CLANG_WARN_BOOL_CONVERSION = YES;
				CLANG_WARN_COMMA = YES;
				CLANG_WARN_CONSTANT_CONVERSION = YES;
				CLANG_WARN_DEPRECATED_OBJC_IMPLEMENTATIONS = YES;
				CLANG_WARN_DIRECT_OBJC_ISA_USAGE = YES_ERROR;
				CLANG_WARN_DOCUMENTATION_COMMENTS = YES;
				CLANG_WARN_EMPTY_BODY = YES;
				CLANG_WARN_ENUM_CONVERSION = YES;
				CLANG_WARN_INFINITE_RECURSION = YES;
				CLANG_WARN_INT_CONVERSION = YES;
				CLANG_WARN_NON_LITERAL_NULL_CONVERSION = YES;
				CLANG_WARN_OBJC_IMPLICIT_RETAIN_SELF = YES;
				CLANG_WARN_OBJC_LITERAL_CONVERSION = YES;
				CLANG_WARN_OBJC_ROOT_CLASS = YES_ERROR;
				CLANG_WARN_RANGE_LOOP_ANALYSIS = YES;
				CLANG_WARN_STRICT_PROTOTYPES = YES;
				CLANG_WARN_SUSPICIOUS_MOVE = YES;
				CLANG_WARN_UNGUARDED_AVAILABILITY = YES_AGGRESSIVE;
				CLANG_WARN_UNREACHABLE_CODE = YES;
				CLANG_WARN__DUPLICATE_METHOD_MATCH = YES;
				CODE_SIGN_IDENTITY = "iPhone Developer";
				COPY_PHASE_STRIP = NO;
				DEBUG_INFORMATION_FORMAT = dwarf;
				ENABLE_STRICT_OBJC_MSGSEND = YES;
				ENABLE_TESTABILITY = YES;
				GCC_C_LANGUAGE_STANDARD = gnu11;
				GCC_DYNAMIC_NO_PIC = NO;
				GCC_NO_COMMON_BLOCKS = YES;
				GCC_OPTIMIZATION_LEVEL = 0;
				GCC_PREPROCESSOR_DEFINITIONS = (
					"DEBUG=1",
					"$(inherited)",
				);
				GCC_WARN_64_TO_32_BIT_CONVERSION = YES;
				GCC_WARN_ABOUT_RETURN_TYPE = YES_ERROR;
				GCC_WARN_UNDECLARED_SELECTOR = YES;
				GCC_WARN_UNINITIALIZED_AUTOS = YES_AGGRESSIVE;
				GCC_WARN_UNUSED_FUNCTION = YES;
				GCC_WARN_UNUSED_VARIABLE = YES;
				IPHONEOS_DEPLOYMENT_TARGET = 11.4;
				MTL_ENABLE_DEBUG_INFO = YES;
				ONLY_ACTIVE_ARCH = YES;
				SDKROOT = iphoneos;
				SWIFT_ACTIVE_COMPILATION_CONDITIONS = DEBUG;
				SWIFT_OPTIMIZATION_LEVEL = "-Onone";
			};
			name = Debug;
		};
		20C447452137B21C00922F58 /* Release */ = {
			isa = XCBuildConfiguration;
			buildSettings = {
				ALWAYS_SEARCH_USER_PATHS = NO;
				CLANG_ANALYZER_NONNULL = YES;
				CLANG_ANALYZER_NUMBER_OBJECT_CONVERSION = YES_AGGRESSIVE;
				CLANG_CXX_LANGUAGE_STANDARD = "gnu++14";
				CLANG_CXX_LIBRARY = "libc++";
				CLANG_ENABLE_MODULES = YES;
				CLANG_ENABLE_OBJC_ARC = YES;
				CLANG_ENABLE_OBJC_WEAK = YES;
				CLANG_WARN_BLOCK_CAPTURE_AUTORELEASING = YES;
				CLANG_WARN_BOOL_CONVERSION = YES;
				CLANG_WARN_COMMA = YES;
				CLANG_WARN_CONSTANT_CONVERSION = YES;
				CLANG_WARN_DEPRECATED_OBJC_IMPLEMENTATIONS = YES;
				CLANG_WARN_DIRECT_OBJC_ISA_USAGE = YES_ERROR;
				CLANG_WARN_DOCUMENTATION_COMMENTS = YES;
				CLANG_WARN_EMPTY_BODY = YES;
				CLANG_WARN_ENUM_CONVERSION = YES;
				CLANG_WARN_INFINITE_RECURSION = YES;
				CLANG_WARN_INT_CONVERSION = YES;
				CLANG_WARN_NON_LITERAL_NULL_CONVERSION = YES;
				CLANG_WARN_OBJC_IMPLICIT_RETAIN_SELF = YES;
				CLANG_WARN_OBJC_LITERAL_CONVERSION = YES;
				CLANG_WARN_OBJC_ROOT_CLASS = YES_ERROR;
				CLANG_WARN_RANGE_LOOP_ANALYSIS = YES;
				CLANG_WARN_STRICT_PROTOTYPES = YES;
				CLANG_WARN_SUSPICIOUS_MOVE = YES;
				CLANG_WARN_UNGUARDED_AVAILABILITY = YES_AGGRESSIVE;
				CLANG_WARN_UNREACHABLE_CODE = YES;
				CLANG_WARN__DUPLICATE_METHOD_MATCH = YES;
				CODE_SIGN_IDENTITY = "iPhone Developer";
				COPY_PHASE_STRIP = NO;
				DEBUG_INFORMATION_FORMAT = "dwarf-with-dsym";
				ENABLE_NS_ASSERTIONS = NO;
				ENABLE_STRICT_OBJC_MSGSEND = YES;
				GCC_C_LANGUAGE_STANDARD = gnu11;
				GCC_NO_COMMON_BLOCKS = YES;
				GCC_WARN_64_TO_32_BIT_CONVERSION = YES;
				GCC_WARN_ABOUT_RETURN_TYPE = YES_ERROR;
				GCC_WARN_UNDECLARED_SELECTOR = YES;
				GCC_WARN_UNINITIALIZED_AUTOS = YES_AGGRESSIVE;
				GCC_WARN_UNUSED_FUNCTION = YES;
				GCC_WARN_UNUSED_VARIABLE = YES;
				IPHONEOS_DEPLOYMENT_TARGET = 11.4;
				MTL_ENABLE_DEBUG_INFO = NO;
				SDKROOT = iphoneos;
				SWIFT_COMPILATION_MODE = wholemodule;
				SWIFT_OPTIMIZATION_LEVEL = "-O";
				VALIDATE_PRODUCT = YES;
			};
			name = Release;
		};
		20C447472137B21C00922F58 /* Debug */ = {
			isa = XCBuildConfiguration;
			buildSettings = {
				ASSETCATALOG_COMPILER_APPICON_NAME = AppIcon;
				CODE_SIGN_STYLE = Automatic;
				DEVELOPMENT_TEAM = QC7RJ22359;
				INFOPLIST_FILE = iOSUIFontTextStyle/Info.plist;
				LD_RUNPATH_SEARCH_PATHS = (
					"$(inherited)",
					"@executable_path/Frameworks",
				);
				PRODUCT_BUNDLE_IDENTIFIER = id.iOSUIFontTextStyle;
				PRODUCT_NAME = "$(TARGET_NAME)";
				SWIFT_VERSION = 4.0;
				TARGETED_DEVICE_FAMILY = "1,2";
			};
			name = Debug;
		};
		20C447482137B21C00922F58 /* Release */ = {
			isa = XCBuildConfiguration;
			buildSettings = {
				ASSETCATALOG_COMPILER_APPICON_NAME = AppIcon;
				CODE_SIGN_STYLE = Automatic;
				DEVELOPMENT_TEAM = QC7RJ22359;
				INFOPLIST_FILE = iOSUIFontTextStyle/Info.plist;
				LD_RUNPATH_SEARCH_PATHS = (
					"$(inherited)",
					"@executable_path/Frameworks",
				);
				PRODUCT_BUNDLE_IDENTIFIER = id.iOSUIFontTextStyle;
				PRODUCT_NAME = "$(TARGET_NAME)";
				SWIFT_VERSION = 4.0;
				TARGETED_DEVICE_FAMILY = "1,2";
			};
			name = Release;
		};
		20C4474A2137B21C00922F58 /* Debug */ = {
			isa = XCBuildConfiguration;
			buildSettings = {
				ALWAYS_EMBED_SWIFT_STANDARD_LIBRARIES = YES;
				BUNDLE_LOADER = "$(TEST_HOST)";
				CODE_SIGN_STYLE = Automatic;
				DEVELOPMENT_TEAM = QC7RJ22359;
				INFOPLIST_FILE = iOSUIFontTextStyleTests/Info.plist;
				LD_RUNPATH_SEARCH_PATHS = (
					"$(inherited)",
					"@executable_path/Frameworks",
					"@loader_path/Frameworks",
				);
				PRODUCT_BUNDLE_IDENTIFIER = id.iOSUIFontTextStyleTests;
				PRODUCT_NAME = "$(TARGET_NAME)";
				SWIFT_VERSION = 4.0;
				TARGETED_DEVICE_FAMILY = "1,2";
				TEST_HOST = "$(BUILT_PRODUCTS_DIR)/iOSUIFontTextStyle.app/iOSUIFontTextStyle";
			};
			name = Debug;
		};
		20C4474B2137B21C00922F58 /* Release */ = {
			isa = XCBuildConfiguration;
			buildSettings = {
				ALWAYS_EMBED_SWIFT_STANDARD_LIBRARIES = YES;
				BUNDLE_LOADER = "$(TEST_HOST)";
				CODE_SIGN_STYLE = Automatic;
				DEVELOPMENT_TEAM = QC7RJ22359;
				INFOPLIST_FILE = iOSUIFontTextStyleTests/Info.plist;
				LD_RUNPATH_SEARCH_PATHS = (
					"$(inherited)",
					"@executable_path/Frameworks",
					"@loader_path/Frameworks",
				);
				PRODUCT_BUNDLE_IDENTIFIER = id.iOSUIFontTextStyleTests;
				PRODUCT_NAME = "$(TARGET_NAME)";
				SWIFT_VERSION = 4.0;
				TARGETED_DEVICE_FAMILY = "1,2";
				TEST_HOST = "$(BUILT_PRODUCTS_DIR)/iOSUIFontTextStyle.app/iOSUIFontTextStyle";
			};
			name = Release;
		};
/* End XCBuildConfiguration section */

/* Begin XCConfigurationList section */
		20C447242137B21300922F58 /* Build configuration list for PBXProject "iOSUIFontTextStyle" */ = {
			isa = XCConfigurationList;
			buildConfigurations = (
				20C447442137B21C00922F58 /* Debug */,
				20C447452137B21C00922F58 /* Release */,
			);
			defaultConfigurationIsVisible = 0;
			defaultConfigurationName = Release;
		};
		20C447462137B21C00922F58 /* Build configuration list for PBXNativeTarget "iOSUIFontTextStyle" */ = {
			isa = XCConfigurationList;
			buildConfigurations = (
				20C447472137B21C00922F58 /* Debug */,
				20C447482137B21C00922F58 /* Release */,
			);
			defaultConfigurationIsVisible = 0;
			defaultConfigurationName = Release;
		};
		20C447492137B21C00922F58 /* Build configuration list for PBXNativeTarget "iOSUIFontTextStyleTests" */ = {
			isa = XCConfigurationList;
			buildConfigurations = (
				20C4474A2137B21C00922F58 /* Debug */,
				20C4474B2137B21C00922F58 /* Release */,
			);
			defaultConfigurationIsVisible = 0;
			defaultConfigurationName = Release;
		};
/* End XCConfigurationList section */
	};
	rootObject = 20C447212137B21300922F58 /* Project object */;
}
